
Microsoft Visual Studio Solution File, Format Version 12.00
# Visual Studio Version 16
VisualStudioVersion = 25.0.1706.14
MinimumVisualStudioVersion = 10.0.40219.1
Project("{FAE04EC0-301F-11D3-BF4B-00C04F79EFBC}") = "book.my.show", "book.my.show\book.my.show.csproj", "{C9D026D5-C2CB-4C26-BBF6-B8519C96F4FD}"
EndProject
Global
	GlobalSection(SolutionConfigurationPlatforms) = preSolution
		Debug|Any CPU = Debug|Any CPU
		Release|Any CPU = Release|Any CPU
	EndGlobalSection
	GlobalSection(ProjectConfigurationPlatforms) = postSolution
		{C9D026D5-C2CB-4C26-BBF6-B8519C96F4FD}.Debug|Any CPU.ActiveCfg = Debug|Any CPU
		{C9D026D5-C2CB-4C26-BBF6-B8519C96F4FD}.Debug|Any CPU.Build.0 = Debug|Any CPU
		{C9D026D5-C2CB-4C26-BBF6-B8519C96F4FD}.Release|Any CPU.ActiveCfg = Release|Any CPU
		{C9D026D5-C2CB-4C26-BBF6-B8519C96F4FD}.Release|Any CPU.Build.0 = Release|Any CPU
	EndGlobalSection
	GlobalSection(SolutionProperties) = preSolution
		HideSolutionNode = FALSE
	EndGlobalSection
	GlobalSection(ExtensibilityGlobals) = postSolution
		SolutionGuid = {317A223E-112C-42EB-895F-015B1BA00FDD}
	EndGlobalSection
EndGlobal
